version = 1
revision = 3
requires-python = ">=3.11"

[[package]]
name = "example-tool"
version = "0.1.0"
source = { editable = "." }
dependencies = [
    { name = "py-capsule" },
]

[package.metadata]
requires-dist = [{ name = "py-capsule", git = "ssh://git@github.com/christopher-caldwell/py_capsule.git?rev=25edcfe51373cc2ebf0593ae5a033323f71b19e3" }]

[[package]]
name = "py-capsule"
version = "0.1.0"
source = { git = "ssh://git@github.com/christopher-caldwell/py_capsule.git?rev=25edcfe51373cc2ebf0593ae5a033323f71b19e3#25edcfe51373cc2ebf0593ae5a033323f71b19e3" }
